{
    "requires": true,
    "lockfileVersion": 1,
    "dependencies": {
        "validate.js": {
            "version": "0.13.1",
            "resolved": "https://registry.npmjs.org/validate.js/-/validate.js-0.13.1.tgz",
            "integrity": "sha512-PnFM3xiZ+kYmLyTiMgTYmU7ZHkjBZz2/+F0DaALc/uUtVzdCt1wAosvYJ5hFQi/hz8O4zb52FQhHZRC+uVkJ+g=="
        },
        "vue-router": {
            "version": "3.1.5",
            "resolved": "https://registry.npmjs.org/vue-router/-/vue-router-3.1.5.tgz",
            "integrity": "sha512-BszkPvhl7I9h334GjckCh7sVFyjTPMMJFJ4Bsrem/Ik+B/9gt5tgrk8k4gGLO4ZpdvciVdg7O41gW4DisQWurg=="
        },
        "vuex": {
            "version": "3.1.2",
            "resolved": "https://registry.npmjs.org/vuex/-/vuex-3.1.2.tgz",
            "integrity": "sha512-ha3jNLJqNhhrAemDXcmMJMKf1Zu4sybMPr9KxJIuOpVcsDQlTBYLLladav2U+g1AvdYDG5Gs0xBTb0M5pXXYFQ=="
        }
    }
}
